{
    "_readme": [
        "This file locks the dependencies of your project to a known state",
        "Read more about it at https://getcomposer.org/doc/01-basic-usage.md#installing-dependencies",
        "This file is @generated automatically"
    ],
    "content-hash": "7acc97603ee2222a4082e9ffc5d16674",
    "packages": [
        {
            "name": "container-interop/container-interop",
            "version": "1.2.0",
            "source": {
                "type": "git",
                "url": "https://github.com/container-interop/container-interop.git",
                "reference": "79cbf1341c22ec75643d841642dd5d6acd83bdb8"
            },
            "dist": {
                "type": "zip",
                "url": "https://api.github.com/repos/container-interop/container-interop/zipball/79cbf1341c22ec75643d841642dd5d6acd83bdb8",
                "reference": "79cbf1341c22ec75643d841642dd5d6acd83bdb8",
                "shasum": ""
            },
            "require": {
                "psr/container": "^1.0"
            },
            "type": "library",
            "autoload": {
                "psr-4": {
                    "Interop\\Container\\": "src/Interop/Container/"
                }
            },
            "notification-url": "https://packagist.org/downloads/",
            "license": [
                "MIT"
            ],
            "description": "Promoting the interoperability of container objects (DIC, SL, etc.)",
            "homepage": "https://github.com/container-interop/container-interop",
            "support": {
                "issues": "https://github.com/container-interop/container-interop/issues",
                "source": "https://github.com/container-interop/container-interop/tree/master"
            },
            "abandoned": "psr/container",
            "time": "2017-02-14T19:40:03+00:00"
        },
        {
            "name": "laminas/laminas-crypt",
            "version": "2.5.2",
            "source": {
                "type": "git",
                "url": "https://github.com/laminas/laminas-crypt.git",
                "reference": "c51ee0a02ba1700001839b5c5f78c4efd39f3210"
            },
            "dist": {
                "type": "zip",
                "url": "https://api.github.com/repos/laminas/laminas-crypt/zipball/c51ee0a02ba1700001839b5c5f78c4efd39f3210",
                "reference": "c51ee0a02ba1700001839b5c5f78c4efd39f3210",
                "shasum": ""
            },
            "require": {
                "laminas/laminas-math": "~2.5",
                "laminas/laminas-servicemanager": "~2.5",
                "laminas/laminas-stdlib": "~2.5",
                "laminas/laminas-zendframework-bridge": "^1.0",
                "php": ">=5.5"
            },
            "replace": {
                "zendframework/zend-crypt": "self.version"
            },
            "require-dev": {
                "fabpot/php-cs-fixer": "1.7.*",
                "laminas/laminas-config": "~2.5",
                "phpunit/phpunit": "~4.0"
            },
            "suggest": {
                "ext-mcrypt": "Required for most features of Laminas\\Crypt"
            },
            "type": "library",
            "extra": {
                "branch-alias": {
                    "dev-master": "2.5-dev",
                    "dev-develop": "2.6-dev"
                }
            },
            "autoload": {
                "psr-4": {
                    "Laminas\\Crypt\\": "src/"
                }
            },
            "notification-url": "https://packagist.org/downloads/",
            "license": [
                "BSD-3-Clause"
            ],
            "homepage": "https://laminas.dev",
            "keywords": [
                "crypt",
                "laminas"
            ],
            "support": {
                "chat": "https://laminas.dev/chat",
                "docs": "https://docs.laminas.dev/laminas-crypt/",
                "forum": "https://discourse.laminas.dev",
                "issues": "https://github.com/laminas/laminas-crypt/issues",
                "rss": "https://github.com/laminas/laminas-crypt/releases.atom",
                "source": "https://github.com/laminas/laminas-crypt"
            },
            "time": "2019-12-31T16:33:10+00:00"
        },
        {
            "name": "laminas/laminas-hydrator",
            "version": "1.0.0",
            "source": {
                "type": "git",
                "url": "https://github.com/laminas/laminas-hydrator.git",
                "reference": "acab29a3327a70be0a653d88906655b15de15517"
            },
            "dist": {
                "type": "zip",
                "url": "https://api.github.com/repos/laminas/laminas-hydrator/zipball/acab29a3327a70be0a653d88906655b15de15517",
                "reference": "acab29a3327a70be0a653d88906655b15de15517",
                "shasum": ""
            },
            "require": {
                "laminas/laminas-stdlib": "^2.5.1",
                "laminas/laminas-zendframework-bridge": "^1.0",
                "php": ">=5.5"
            },
            "replace": {
                "zendframework/zend-hydrator": "self.version"
            },
            "require-dev": {
                "laminas/laminas-eventmanager": "^2.5.1",
                "laminas/laminas-filter": "^2.5.1",
                "laminas/laminas-inputfilter": "^2.5.1",
                "laminas/laminas-serializer": "^2.5.1",
                "laminas/laminas-servicemanager": "^2.5.1",
                "phpunit/phpunit": "~4.0",
                "squizlabs/php_codesniffer": "^2.0@dev"
            },
            "suggest": {
                "laminas/laminas-eventmanager": "^2.5.1, to support aggregate hydrator usage",
                "laminas/laminas-filter": "^2.5.1, to support naming strategy hydrator usage",
                "laminas/laminas-serializer": "^2.5.1, to use the SerializableStrategy",
                "laminas/laminas-servicemanager": "^2.5.1, to support hydrator plugin manager usage"
            },
            "type": "library",
            "extra": {
                "branch-alias": {
                    "dev-master": "1.0-dev",
                    "dev-develop": "1.1-dev"
                }
            },
            "autoload": {
                "psr-4": {
                    "Laminas\\Hydrator\\": "src/"
                }
            },
            "notification-url": "https://packagist.org/downloads/",
            "license": [
                "BSD-3-Clause"
            ],
            "homepage": "https://laminas.dev",
            "keywords": [
                "hydrator",
                "laminas"
            ],
            "support": {
                "chat": "https://laminas.dev/chat",
                "docs": "https://docs.laminas.dev/laminas-hydrator/",
                "forum": "https://discourse.laminas.dev",
                "issues": "https://github.com/laminas/laminas-hydrator/issues",
                "rss": "https://github.com/laminas/laminas-hydrator/releases.atom",
                "source": "https://github.com/laminas/laminas-hydrator"
            },
            "time": "2019-12-31T17:06:20+00:00"
        },
        {
            "name": "laminas/laminas-math",
            "version": "2.5.2",
            "source": {
                "type": "git",
                "url": "https://github.com/laminas/laminas-math.git",
                "reference": "a493acfc1272e950bed68f3bd13a1000495bd692"
            },
            "dist": {
                "type": "zip",
                "url": "https://api.github.com/repos/laminas/laminas-math/zipball/a493acfc1272e950bed68f3bd13a1000495bd692",
                "reference": "a493acfc1272e950bed68f3bd13a1000495bd692",
                "shasum": ""
            },
            "require": {
                "laminas/laminas-zendframework-bridge": "^1.0",
                "php": ">=5.5"
            },
            "replace": {
                "zendframework/zend-math": "self.version"
            },
            "require-dev": {
                "fabpot/php-cs-fixer": "1.7.*",
                "ircmaxell/random-lib": "~1.1",
                "laminas/laminas-servicemanager": "~2.5",
                "phpunit/phpunit": "~4.0"
            },
            "suggest": {
                "ext-bcmath": "If using the bcmath functionality",
                "ext-gmp": "If using the gmp functionality",
                "ircmaxell/random-lib": "Fallback random byte generator for Laminas\\Math\\Rand if OpenSSL/Mcrypt extensions are unavailable",
                "laminas/laminas-servicemanager": ">= current version, if using the BigInteger::factory functionality"
            },
            "type": "library",
            "extra": {
                "branch-alias": {
                    "dev-master": "2.5-dev",
                    "dev-develop": "2.6-dev"
                }
            },
            "autoload": {
                "psr-4": {
                    "Laminas\\Math\\": "src/"
                }
            },
            "notification-url": "https://packagist.org/downloads/",
            "license": [
                "BSD-3-Clause"
            ],
            "homepage": "https://laminas.dev",
            "keywords": [
                "laminas",
                "math"
            ],
            "support": {
                "chat": "https://laminas.dev/chat",
                "docs": "https://docs.laminas.dev/laminas-math/",
                "forum": "https://discourse.laminas.dev",
                "issues": "https://github.com/laminas/laminas-math/issues",
                "rss": "https://github.com/laminas/laminas-math/releases.atom",
                "source": "https://github.com/laminas/laminas-math"
            },
            "time": "2019-12-31T17:24:13+00:00"
        },
        {
            "name": "laminas/laminas-servicemanager",
            "version": "2.6.0",
            "source": {
                "type": "git",
                "url": "https://github.com/laminas/laminas-servicemanager.git",
                "reference": "953c9511cf75420cc8b6b31f5323aca53f4a89f3"
            },
            "dist": {
                "type": "zip",
                "url": "https://api.github.com/repos/laminas/laminas-servicemanager/zipball/953c9511cf75420cc8b6b31f5323aca53f4a89f3",
                "reference": "953c9511cf75420cc8b6b31f5323aca53f4a89f3",
                "shasum": ""
            },
            "require": {
                "container-interop/container-interop": "~1.0",
                "laminas/laminas-zendframework-bridge": "^1.0",
                "php": ">=5.5"
            },
            "replace": {
                "zendframework/zend-servicemanager": "self.version"
            },
            "require-dev": {
                "fabpot/php-cs-fixer": "1.7.*",
                "laminas/laminas-di": "~2.5",
                "laminas/laminas-mvc": "~2.5",
                "phpunit/phpunit": "~4.0"
            },
            "suggest": {
                "laminas/laminas-di": "Laminas\\Di component",
                "ocramius/proxy-manager": "ProxyManager 0.5.* to handle lazy initialization of services"
            },
            "type": "library",
            "extra": {
                "branch-alias": {
                    "dev-master": "2.6-dev",
                    "dev-develop": "2.7-dev"
                }
            },
            "autoload": {
                "psr-4": {
                    "Laminas\\ServiceManager\\": "src/"
                }
            },
            "notification-url": "https://packagist.org/downloads/",
            "license": [
                "BSD-3-Clause"
            ],
            "homepage": "https://laminas.dev",
            "keywords": [
                "laminas",
                "servicemanager"
            ],
            "support": {
                "chat": "https://laminas.dev/chat",
                "docs": "https://docs.laminas.dev/laminas-servicemanager/",
                "forum": "https://discourse.laminas.dev",
                "issues": "https://github.com/laminas/laminas-servicemanager/issues",
                "rss": "https://github.com/laminas/laminas-servicemanager/releases.atom",
                "source": "https://github.com/laminas/laminas-servicemanager"
            },
            "time": "2019-12-31T17:44:10+00:00"
        },
        {
            "name": "laminas/laminas-stdlib",
            "version": "2.7.4",
            "source": {
                "type": "git",
                "url": "https://github.com/laminas/laminas-stdlib.git",
                "reference": "b69e2741673daabdf720bc76668448ceb1e4c537"
            },
            "dist": {
                "type": "zip",
                "url": "https://api.github.com/repos/laminas/laminas-stdlib/zipball/b69e2741673daabdf720bc76668448ceb1e4c537",
                "reference": "b69e2741673daabdf720bc76668448ceb1e4c537",
                "shasum": ""
            },
            "require": {
                "laminas/laminas-hydrator": "~1.0",
                "laminas/laminas-zendframework-bridge": "^1.0",
                "php": ">=5.5"
            },
            "replace": {
                "zendframework/zend-stdlib": "self.version"
            },
            "require-dev": {
                "athletic/athletic": "~0.1",
                "fabpot/php-cs-fixer": "1.7.*",
                "laminas/laminas-config": "~2.5",
                "laminas/laminas-eventmanager": "~2.5",
                "laminas/laminas-filter": "~2.5",
                "laminas/laminas-inputfilter": "~2.5",
                "laminas/laminas-serializer": "~2.5",
                "laminas/laminas-servicemanager": "~2.5",
                "phpunit/phpunit": "~4.0"
            },
            "suggest": {
                "laminas/laminas-eventmanager": "To support aggregate hydrator usage",
                "laminas/laminas-filter": "To support naming strategy hydrator usage",
                "laminas/laminas-serializer": "Laminas\\Serializer component",
                "laminas/laminas-servicemanager": "To support hydrator plugin manager usage"
            },
            "type": "library",
            "extra": {
                "branch-alias": {
                    "dev-master": "2.7-dev",
                    "dev-develop": "2.8-dev"
                }
            },
            "autoload": {
                "psr-4": {
                    "Laminas\\Stdlib\\": "src/"
                }
            },
            "notification-url": "https://packagist.org/downloads/",
            "license": [
                "BSD-3-Clause"
            ],
            "homepage": "https://laminas.dev",
            "keywords": [
                "laminas",
                "stdlib"
            ],
            "support": {
                "chat": "https://laminas.dev/chat",
                "docs": "https://docs.laminas.dev/laminas-stdlib/",
                "forum": "https://discourse.laminas.dev",
                "issues": "https://github.com/laminas/laminas-stdlib/issues",
                "rss": "https://github.com/laminas/laminas-stdlib/releases.atom",
                "source": "https://github.com/laminas/laminas-stdlib"
            },
            "time": "2019-12-31T17:51:00+00:00"
        },
        {
            "name": "laminas/laminas-zendframework-bridge",
            "version": "1.4.1",
            "source": {
                "type": "git",
                "url": "https://github.com/laminas/laminas-zendframework-bridge.git",
                "reference": "88bf037259869891afce6504cacc4f8a07b24d0f"
            },
            "dist": {
                "type": "zip",
                "url": "https://api.github.com/repos/laminas/laminas-zendframework-bridge/zipball/88bf037259869891afce6504cacc4f8a07b24d0f",
                "reference": "88bf037259869891afce6504cacc4f8a07b24d0f",
                "shasum": ""
            },
            "require": {
                "php": "^7.3 || ~8.0.0 || ~8.1.0"
            },
            "require-dev": {
                "phpunit/phpunit": "^9.3",
                "psalm/plugin-phpunit": "^0.15.1",
                "squizlabs/php_codesniffer": "^3.5",
                "vimeo/psalm": "^4.6"
            },
            "type": "library",
            "extra": {
                "laminas": {
                    "module": "Laminas\\ZendFrameworkBridge"
                }
            },
            "autoload": {
                "files": [
                    "src/autoload.php"
                ],
                "psr-4": {
                    "Laminas\\ZendFrameworkBridge\\": "src//"
                }
            },
            "notification-url": "https://packagist.org/downloads/",
            "license": [
                "BSD-3-Clause"
            ],
            "description": "Alias legacy ZF class names to Laminas Project equivalents.",
            "keywords": [
                "ZendFramework",
                "autoloading",
                "laminas",
                "zf"
            ],
            "support": {
                "forum": "https://discourse.laminas.dev/",
                "issues": "https://github.com/laminas/laminas-zendframework-bridge/issues",
                "rss": "https://github.com/laminas/laminas-zendframework-bridge/releases.atom",
                "source": "https://github.com/laminas/laminas-zendframework-bridge"
            },
            "funding": [
                {
                    "url": "https://funding.communitybridge.org/projects/laminas-project",
                    "type": "community_bridge"
                }
            ],
            "time": "2021-12-21T14:34:37+00:00"
        },
        {
            "name": "psr/container",
            "version": "1.1.2",
            "source": {
                "type": "git",
                "url": "https://github.com/php-fig/container.git",
                "reference": "513e0666f7216c7459170d56df27dfcefe1689ea"
            },
            "dist": {
                "type": "zip",
                "url": "https://api.github.com/repos/php-fig/container/zipball/513e0666f7216c7459170d56df27dfcefe1689ea",
                "reference": "513e0666f7216c7459170d56df27dfcefe1689ea",
                "shasum": ""
            },
            "require": {
                "php": ">=7.4.0"
            },
            "type": "library",
            "autoload": {
                "psr-4": {
                    "Psr\\Container\\": "src/"
                }
            },
            "notification-url": "https://packagist.org/downloads/",
            "license": [
                "MIT"
            ],
            "authors": [
                {
                    "name": "PHP-FIG",
                    "homepage": "https://www.php-fig.org/"
                }
            ],
            "description": "Common Container Interface (PHP FIG PSR-11)",
            "homepage": "https://github.com/php-fig/container",
            "keywords": [
                "PSR-11",
                "container",
                "container-interface",
                "container-interop",
                "psr"
            ],
            "support": {
                "issues": "https://github.com/php-fig/container/issues",
                "source": "https://github.com/php-fig/container/tree/1.1.2"
            },
            "time": "2021-11-05T16:50:12+00:00"
        }
    ],
    "packages-dev": [],
    "aliases": [],
    "minimum-stability": "stable",
    "stability-flags": [],
    "prefer-stable": false,
    "prefer-lowest": false,
    "platform": [],
    "platform-dev": [],
    "plugin-api-version": "2.2.0"
}
